// !$*UTF8*$!
{
	archiveVersion = 1;
	classes = {
	};
	objectVersion = 56;
	objects = {

/* Begin PBXBuildFile section */
		BF80B71829BF8CD7009E84F5 /* HeaderCell.swift in Sources */ = {isa = PBXBuildFile; fileRef = BF80B71729BF8CD7009E84F5 /* HeaderCell.swift */; };
		BF80B71A29BF8CEB009E84F5 /* ListingHeaderCell.swift in Sources */ = {isa = PBXBuildFile; fileRef = BF80B71929BF8CEB009E84F5 /* ListingHeaderCell.swift */; };
		BF80B71E29BF8D05009E84F5 /* ListingActionCell.swift in Sources */ = {isa = PBXBuildFile; fileRef = BF80B71D29BF8D05009E84F5 /* ListingActionCell.swift */; };
		BF80B72029BF8D1C009E84F5 /* ListingCaptionCell.swift in Sources */ = {isa = PBXBuildFile; fileRef = BF80B71F29BF8D1C009E84F5 /* ListingCaptionCell.swift */; };
		BF80B72229BF8D29009E84F5 /* ListingCommentSectionCell.swift in Sources */ = {isa = PBXBuildFile; fileRef = BF80B72129BF8D29009E84F5 /* ListingCommentSectionCell.swift */; };
		BF80B72429BF9906009E84F5 /* Form.swift in Sources */ = {isa = PBXBuildFile; fileRef = BF80B72329BF9906009E84F5 /* Form.swift */; };
		BF80B72729BF9B39009E84F5 /* FormContentBuilderImpl.swift in Sources */ = {isa = PBXBuildFile; fileRef = BF80B72629BF9B39009E84F5 /* FormContentBuilderImpl.swift */; };
		BF80B72929BF9E0B009E84F5 /* UICollectionView+Identifier.swift in Sources */ = {isa = PBXBuildFile; fileRef = BF80B72829BF9E0B009E84F5 /* UICollectionView+Identifier.swift */; };
		BF80B72B29BF9E6B009E84F5 /* UICollectionViewCell+CleanUp.swift in Sources */ = {isa = PBXBuildFile; fileRef = BF80B72A29BF9E6B009E84F5 /* UICollectionViewCell+CleanUp.swift */; };
		BF80B72E29BF9EE7009E84F5 /* FormButtonCell.swift in Sources */ = {isa = PBXBuildFile; fileRef = BF80B72D29BF9EE7009E84F5 /* FormButtonCell.swift */; };
		BF80B73029BFA1B5009E84F5 /* FormTextCell.swift in Sources */ = {isa = PBXBuildFile; fileRef = BF80B72F29BFA1B5009E84F5 /* FormTextCell.swift */; };
		BF80B73429BFA38A009E84F5 /* FormCompositionalLayout.swift in Sources */ = {isa = PBXBuildFile; fileRef = BF80B73329BFA38A009E84F5 /* FormCompositionalLayout.swift */; };
		BF8B2B5729BB864E00B01A96 /* AppDelegate.swift in Sources */ = {isa = PBXBuildFile; fileRef = BF8B2B5629BB864E00B01A96 /* AppDelegate.swift */; };
		BF8B2B5929BB864E00B01A96 /* SceneDelegate.swift in Sources */ = {isa = PBXBuildFile; fileRef = BF8B2B5829BB864E00B01A96 /* SceneDelegate.swift */; };
		BF8B2B6029BB865000B01A96 /* Assets.xcassets in Resources */ = {isa = PBXBuildFile; fileRef = BF8B2B5F29BB865000B01A96 /* Assets.xcassets */; };
		BF8B2B6329BB865000B01A96 /* LaunchScreen.storyboard in Resources */ = {isa = PBXBuildFile; fileRef = BF8B2B6129BB865000B01A96 /* LaunchScreen.storyboard */; };
		BF8B2B6D29BB93CC00B01A96 /* HomeViewController.swift in Sources */ = {isa = PBXBuildFile; fileRef = BF8B2B6C29BB93CC00B01A96 /* HomeViewController.swift */; };
		BF8B2B7529BB9AC300B01A96 /* Listing.swift in Sources */ = {isa = PBXBuildFile; fileRef = BF8B2B7429BB9AC300B01A96 /* Listing.swift */; };
		BF8B2B7729BB9D4100B01A96 /* Category.swift in Sources */ = {isa = PBXBuildFile; fileRef = BF8B2B7629BB9D4100B01A96 /* Category.swift */; };
		BF8B2B8529BBB30100B01A96 /* TabBarController.swift in Sources */ = {isa = PBXBuildFile; fileRef = BF8B2B8429BBB30100B01A96 /* TabBarController.swift */; };
		BF8B2B8C29BBB44D00B01A96 /* ListingViewController.swift in Sources */ = {isa = PBXBuildFile; fileRef = BF8B2B8B29BBB44D00B01A96 /* ListingViewController.swift */; };
		BF8B2B8E29BBB46C00B01A96 /* NewListingViewController.swift in Sources */ = {isa = PBXBuildFile; fileRef = BF8B2B8D29BBB46C00B01A96 /* NewListingViewController.swift */; };
		BF8B2B9429BBBAF400B01A96 /* Owner.swift in Sources */ = {isa = PBXBuildFile; fileRef = BF8B2B9329BBBAF400B01A96 /* Owner.swift */; };
		BF8B2B9629BBC3DB00B01A96 /* tech_case_data.json in Resources */ = {isa = PBXBuildFile; fileRef = BF8B2B9529BBC3DB00B01A96 /* tech_case_data.json */; };
		BF8B2B9829BBC47D00B01A96 /* Data.swift in Sources */ = {isa = PBXBuildFile; fileRef = BF8B2B9729BBC47D00B01A96 /* Data.swift */; };
/* End PBXBuildFile section */

/* Begin PBXFileReference section */
		BF80B71729BF8CD7009E84F5 /* HeaderCell.swift */ = {isa = PBXFileReference; lastKnownFileType = sourcecode.swift; path = HeaderCell.swift; sourceTree = "<group>"; };
		BF80B71929BF8CEB009E84F5 /* ListingHeaderCell.swift */ = {isa = PBXFileReference; lastKnownFileType = sourcecode.swift; path = ListingHeaderCell.swift; sourceTree = "<group>"; };
		BF80B71D29BF8D05009E84F5 /* ListingActionCell.swift */ = {isa = PBXFileReference; lastKnownFileType = sourcecode.swift; path = ListingActionCell.swift; sourceTree = "<group>"; };
		BF80B71F29BF8D1C009E84F5 /* ListingCaptionCell.swift */ = {isa = PBXFileReference; lastKnownFileType = sourcecode.swift; path = ListingCaptionCell.swift; sourceTree = "<group>"; };
		BF80B72129BF8D29009E84F5 /* ListingCommentSectionCell.swift */ = {isa = PBXFileReference; lastKnownFileType = sourcecode.swift; path = ListingCommentSectionCell.swift; sourceTree = "<group>"; };
		BF80B72329BF9906009E84F5 /* Form.swift */ = {isa = PBXFileReference; lastKnownFileType = sourcecode.swift; path = Form.swift; sourceTree = "<group>"; };
		BF80B72629BF9B39009E84F5 /* FormContentBuilderImpl.swift */ = {isa = PBXFileReference; lastKnownFileType = sourcecode.swift; path = FormContentBuilderImpl.swift; sourceTree = "<group>"; };
		BF80B72829BF9E0B009E84F5 /* UICollectionView+Identifier.swift */ = {isa = PBXFileReference; lastKnownFileType = sourcecode.swift; path = "UICollectionView+Identifier.swift"; sourceTree = "<group>"; };
		BF80B72A29BF9E6B009E84F5 /* UICollectionViewCell+CleanUp.swift */ = {isa = PBXFileReference; lastKnownFileType = sourcecode.swift; path = "UICollectionViewCell+CleanUp.swift"; sourceTree = "<group>"; };
		BF80B72D29BF9EE7009E84F5 /* FormButtonCell.swift */ = {isa = PBXFileReference; lastKnownFileType = sourcecode.swift; path = FormButtonCell.swift; sourceTree = "<group>"; };
		BF80B72F29BFA1B5009E84F5 /* FormTextCell.swift */ = {isa = PBXFileReference; lastKnownFileType = sourcecode.swift; path = FormTextCell.swift; sourceTree = "<group>"; };
		BF80B73329BFA38A009E84F5 /* FormCompositionalLayout.swift */ = {isa = PBXFileReference; lastKnownFileType = sourcecode.swift; path = FormCompositionalLayout.swift; sourceTree = "<group>"; };
		BF8B2B5329BB864E00B01A96 /* EComPitch.app */ = {isa = PBXFileReference; explicitFileType = wrapper.application; includeInIndex = 0; path = EComPitch.app; sourceTree = BUILT_PRODUCTS_DIR; };
		BF8B2B5629BB864E00B01A96 /* AppDelegate.swift */ = {isa = PBXFileReference; lastKnownFileType = sourcecode.swift; path = AppDelegate.swift; sourceTree = "<group>"; };
		BF8B2B5829BB864E00B01A96 /* SceneDelegate.swift */ = {isa = PBXFileReference; lastKnownFileType = sourcecode.swift; path = SceneDelegate.swift; sourceTree = "<group>"; };
		BF8B2B5F29BB865000B01A96 /* Assets.xcassets */ = {isa = PBXFileReference; lastKnownFileType = folder.assetcatalog; path = Assets.xcassets; sourceTree = "<group>"; };
		BF8B2B6229BB865000B01A96 /* Base */ = {isa = PBXFileReference; lastKnownFileType = file.storyboard; name = Base; path = Base.lproj/LaunchScreen.storyboard; sourceTree = "<group>"; };
		BF8B2B6429BB865000B01A96 /* Info.plist */ = {isa = PBXFileReference; lastKnownFileType = text.plist.xml; path = Info.plist; sourceTree = "<group>"; };
		BF8B2B6C29BB93CC00B01A96 /* HomeViewController.swift */ = {isa = PBXFileReference; lastKnownFileType = sourcecode.swift; path = HomeViewController.swift; sourceTree = "<group>"; };
		BF8B2B7429BB9AC300B01A96 /* Listing.swift */ = {isa = PBXFileReference; lastKnownFileType = sourcecode.swift; path = Listing.swift; sourceTree = "<group>"; };
		BF8B2B7629BB9D4100B01A96 /* Category.swift */ = {isa = PBXFileReference; lastKnownFileType = sourcecode.swift; path = Category.swift; sourceTree = "<group>"; };
		BF8B2B8429BBB30100B01A96 /* TabBarController.swift */ = {isa = PBXFileReference; lastKnownFileType = sourcecode.swift; path = TabBarController.swift; sourceTree = "<group>"; };
		BF8B2B8B29BBB44D00B01A96 /* ListingViewController.swift */ = {isa = PBXFileReference; lastKnownFileType = sourcecode.swift; path = ListingViewController.swift; sourceTree = "<group>"; };
		BF8B2B8D29BBB46C00B01A96 /* NewListingViewController.swift */ = {isa = PBXFileReference; lastKnownFileType = sourcecode.swift; path = NewListingViewController.swift; sourceTree = "<group>"; };
		BF8B2B9329BBBAF400B01A96 /* Owner.swift */ = {isa = PBXFileReference; lastKnownFileType = sourcecode.swift; path = Owner.swift; sourceTree = "<group>"; };
		BF8B2B9529BBC3DB00B01A96 /* tech_case_data.json */ = {isa = PBXFileReference; lastKnownFileType = text.json; path = tech_case_data.json; sourceTree = "<group>"; };
		BF8B2B9729BBC47D00B01A96 /* Data.swift */ = {isa = PBXFileReference; lastKnownFileType = sourcecode.swift; path = Data.swift; sourceTree = "<group>"; };
/* End PBXFileReference section */

/* Begin PBXFrameworksBuildPhase section */
		BF8B2B5029BB864E00B01A96 /* Frameworks */ = {
			isa = PBXFrameworksBuildPhase;
			buildActionMask = 2147483647;
			files = (
			);
			runOnlyForDeploymentPostprocessing = 0;
		};
/* End PBXFrameworksBuildPhase section */

/* Begin PBXGroup section */
		BF80B71629BF8CA2009E84F5 /* CollectionViewCells */ = {
			isa = PBXGroup;
			children = (
				BF80B71729BF8CD7009E84F5 /* HeaderCell.swift */,
				BF80B71929BF8CEB009E84F5 /* ListingHeaderCell.swift */,
				BF80B71D29BF8D05009E84F5 /* ListingActionCell.swift */,
				BF80B71F29BF8D1C009E84F5 /* ListingCaptionCell.swift */,
				BF80B72129BF8D29009E84F5 /* ListingCommentSectionCell.swift */,
			);
			path = CollectionViewCells;
			sourceTree = "<group>";
		};
		BF80B72529BF9AF8009E84F5 /* Form */ = {
			isa = PBXGroup;
			children = (
				BF80B72C29BF9EBF009E84F5 /* Extensions */,
				BF80B72629BF9B39009E84F5 /* FormContentBuilderImpl.swift */,
				BF80B72D29BF9EE7009E84F5 /* FormButtonCell.swift */,
				BF80B72F29BFA1B5009E84F5 /* FormTextCell.swift */,
				BF80B73329BFA38A009E84F5 /* FormCompositionalLayout.swift */,
			);
			path = Form;
			sourceTree = "<group>";
		};
		BF80B72C29BF9EBF009E84F5 /* Extensions */ = {
			isa = PBXGroup;
			children = (
				BF80B72829BF9E0B009E84F5 /* UICollectionView+Identifier.swift */,
				BF80B72A29BF9E6B009E84F5 /* UICollectionViewCell+CleanUp.swift */,
			);
			path = Extensions;
			sourceTree = "<group>";
		};
		BF8B2B4A29BB864E00B01A96 = {
			isa = PBXGroup;
			children = (
				BF8B2B5529BB864E00B01A96 /* EComPitch */,
				BF8B2B5429BB864E00B01A96 /* Products */,
			);
			sourceTree = "<group>";
		};
		BF8B2B5429BB864E00B01A96 /* Products */ = {
			isa = PBXGroup;
			children = (
				BF8B2B5329BB864E00B01A96 /* EComPitch.app */,
			);
			name = Products;
			sourceTree = "<group>";
		};
		BF8B2B5529BB864E00B01A96 /* EComPitch */ = {
			isa = PBXGroup;
			children = (
				BF80B72529BF9AF8009E84F5 /* Form */,
				BF80B71629BF8CA2009E84F5 /* CollectionViewCells */,
				BF8B2B8A29BBB3B500B01A96 /* Resources */,
				BF8B2B8629BBB38200B01A96 /* Controllers */,
				BF8B2B6E29BB957200B01A96 /* Models */,
				BF8B2B6A29BB92BF00B01A96 /* Views */,
				BF8B2B6429BB865000B01A96 /* Info.plist */,
			);
			path = EComPitch;
			sourceTree = "<group>";
		};
		BF8B2B6A29BB92BF00B01A96 /* Views */ = {
			isa = PBXGroup;
			children = (
				BF8B2B6B29BB92C800B01A96 /* Home */,
			);
			path = Views;
			sourceTree = "<group>";
		};
		BF8B2B6B29BB92C800B01A96 /* Home */ = {
			isa = PBXGroup;
			children = (
				BF8B2B6C29BB93CC00B01A96 /* HomeViewController.swift */,
			);
			path = Home;
			sourceTree = "<group>";
		};
		BF8B2B6E29BB957200B01A96 /* Models */ = {
			isa = PBXGroup;
			children = (
				BF8B2B7429BB9AC300B01A96 /* Listing.swift */,
				BF8B2B7629BB9D4100B01A96 /* Category.swift */,
				BF8B2B9329BBBAF400B01A96 /* Owner.swift */,
				BF8B2B9729BBC47D00B01A96 /* Data.swift */,
				BF80B72329BF9906009E84F5 /* Form.swift */,
			);
			path = Models;
			sourceTree = "<group>";
		};
		BF8B2B8629BBB38200B01A96 /* Controllers */ = {
			isa = PBXGroup;
			children = (
				BF8B2B8429BBB30100B01A96 /* TabBarController.swift */,
				BF8B2B8B29BBB44D00B01A96 /* ListingViewController.swift */,
				BF8B2B8D29BBB46C00B01A96 /* NewListingViewController.swift */,
			);
			path = Controllers;
			sourceTree = "<group>";
		};
		BF8B2B8A29BBB3B500B01A96 /* Resources */ = {
			isa = PBXGroup;
			children = (
				BF8B2B9529BBC3DB00B01A96 /* tech_case_data.json */,
				BF8B2B5629BB864E00B01A96 /* AppDelegate.swift */,
				BF8B2B5829BB864E00B01A96 /* SceneDelegate.swift */,
				BF8B2B5F29BB865000B01A96 /* Assets.xcassets */,
				BF8B2B6129BB865000B01A96 /* LaunchScreen.storyboard */,
			);
			path = Resources;
			sourceTree = "<group>";
		};
/* End PBXGroup section */

/* Begin PBXNativeTarget section */
		BF8B2B5229BB864E00B01A96 /* EComPitch */ = {
			isa = PBXNativeTarget;
			buildConfigurationList = BF8B2B6729BB865000B01A96 /* Build configuration list for PBXNativeTarget "EComPitch" */;
			buildPhases = (
				BF8B2B4F29BB864E00B01A96 /* Sources */,
				BF8B2B5029BB864E00B01A96 /* Frameworks */,
				BF8B2B5129BB864E00B01A96 /* Resources */,
			);
			buildRules = (
			);
			dependencies = (
			);
			name = EComPitch;
			productName = EComPitch;
			productReference = BF8B2B5329BB864E00B01A96 /* EComPitch.app */;
			productType = "com.apple.product-type.application";
		};
/* End PBXNativeTarget section */

/* Begin PBXProject section */
		BF8B2B4B29BB864E00B01A96 /* Project object */ = {
			isa = PBXProject;
			attributes = {
				BuildIndependentTargetsInParallel = 1;
				LastSwiftUpdateCheck = 1420;
				LastUpgradeCheck = 1420;
				TargetAttributes = {
					BF8B2B5229BB864E00B01A96 = {
						CreatedOnToolsVersion = 14.2;
					};
				};
			};
			buildConfigurationList = BF8B2B4E29BB864E00B01A96 /* Build configuration list for PBXProject "EComPitch" */;
			compatibilityVersion = "Xcode 14.0";
			developmentRegion = en;
			hasScannedForEncodings = 0;
			knownRegions = (
				en,
				Base,
			);
			mainGroup = BF8B2B4A29BB864E00B01A96;
			productRefGroup = BF8B2B5429BB864E00B01A96 /* Products */;
			projectDirPath = "";
			projectRoot = "";
			targets = (
				BF8B2B5229BB864E00B01A96 /* EComPitch */,
			);
		};
/* End PBXProject section */

/* Begin PBXResourcesBuildPhase section */
		BF8B2B5129BB864E00B01A96 /* Resources */ = {
			isa = PBXResourcesBuildPhase;
			buildActionMask = 2147483647;
			files = (
				BF8B2B9629BBC3DB00B01A96 /* tech_case_data.json in Resources */,
				BF8B2B6329BB865000B01A96 /* LaunchScreen.storyboard in Resources */,
				BF8B2B6029BB865000B01A96 /* Assets.xcassets in Resources */,
			);
			runOnlyForDeploymentPostprocessing = 0;
		};
/* End PBXResourcesBuildPhase section */

/* Begin PBXSourcesBuildPhase section */
		BF8B2B4F29BB864E00B01A96 /* Sources */ = {
			isa = PBXSourcesBuildPhase;
			buildActionMask = 2147483647;
			files = (
				BF8B2B5729BB864E00B01A96 /* AppDelegate.swift in Sources */,
				BF8B2B9429BBBAF400B01A96 /* Owner.swift in Sources */,
				BF8B2B8E29BBB46C00B01A96 /* NewListingViewController.swift in Sources */,
				BF80B72429BF9906009E84F5 /* Form.swift in Sources */,
				BF80B71E29BF8D05009E84F5 /* ListingActionCell.swift in Sources */,
				BF8B2B7529BB9AC300B01A96 /* Listing.swift in Sources */,
				BF8B2B8529BBB30100B01A96 /* TabBarController.swift in Sources */,
				BF80B71829BF8CD7009E84F5 /* HeaderCell.swift in Sources */,
				BF8B2B5929BB864E00B01A96 /* SceneDelegate.swift in Sources */,
				BF80B72029BF8D1C009E84F5 /* ListingCaptionCell.swift in Sources */,
				BF8B2B9829BBC47D00B01A96 /* Data.swift in Sources */,
				BF8B2B6D29BB93CC00B01A96 /* HomeViewController.swift in Sources */,
				BF80B72229BF8D29009E84F5 /* ListingCommentSectionCell.swift in Sources */,
				BF8B2B7729BB9D4100B01A96 /* Category.swift in Sources */,
				BF80B72E29BF9EE7009E84F5 /* FormButtonCell.swift in Sources */,
				BF80B72B29BF9E6B009E84F5 /* UICollectionViewCell+CleanUp.swift in Sources */,
				BF80B72929BF9E0B009E84F5 /* UICollectionView+Identifier.swift in Sources */,
				BF80B73429BFA38A009E84F5 /* FormCompositionalLayout.swift in Sources */,
				BF8B2B8C29BBB44D00B01A96 /* ListingViewController.swift in Sources */,
				BF80B73029BFA1B5009E84F5 /* FormTextCell.swift in Sources */,
				BF80B71A29BF8CEB009E84F5 /* ListingHeaderCell.swift in Sources */,
				BF80B72729BF9B39009E84F5 /* FormContentBuilderImpl.swift in Sources */,
			);
			runOnlyForDeploymentPostprocessing = 0;
		};
/* End PBXSourcesBuildPhase section */

/* Begin PBXVariantGroup section */
		BF8B2B6129BB865000B01A96 /* LaunchScreen.storyboard */ = {
			isa = PBXVariantGroup;
			children = (
				BF8B2B6229BB865000B01A96 /* Base */,
			);
			name = LaunchScreen.storyboard;
			sourceTree = "<group>";
		};
/* End PBXVariantGroup section */

/* Begin XCBuildConfiguration section */
		BF8B2B6529BB865000B01A96 /* Debug */ = {
			isa = XCBuildConfiguration;
			buildSettings = {
				ALWAYS_SEARCH_USER_PATHS = NO;
				CLANG_ANALYZER_NONNULL = YES;
				CLANG_ANALYZER_NUMBER_OBJECT_CONVERSION = YES_AGGRESSIVE;
				CLANG_CXX_LANGUAGE_STANDARD = "gnu++20";
				CLANG_ENABLE_MODULES = YES;
				CLANG_ENABLE_OBJC_ARC = YES;
				CLANG_ENABLE_OBJC_WEAK = YES;
				CLANG_WARN_BLOCK_CAPTURE_AUTORELEASING = YES;
				CLANG_WARN_BOOL_CONVERSION = YES;
				CLANG_WARN_COMMA = YES;
				CLANG_WARN_CONSTANT_CONVERSION = YES;
				CLANG_WARN_DEPRECATED_OBJC_IMPLEMENTATIONS = YES;
				CLANG_WARN_DIRECT_OBJC_ISA_USAGE = YES_ERROR;
				CLANG_WARN_DOCUMENTATION_COMMENTS = YES;
				CLANG_WARN_EMPTY_BODY = YES;
				CLANG_WARN_ENUM_CONVERSION = YES;
				CLANG_WARN_INFINITE_RECURSION = YES;
				CLANG_WARN_INT_CONVERSION = YES;
				CLANG_WARN_NON_LITERAL_NULL_CONVERSION = YES;
				CLANG_WARN_OBJC_IMPLICIT_RETAIN_SELF = YES;
				CLANG_WARN_OBJC_LITERAL_CONVERSION = YES;
				CLANG_WARN_OBJC_ROOT_CLASS = YES_ERROR;
				CLANG_WARN_QUOTED_INCLUDE_IN_FRAMEWORK_HEADER = YES;
				CLANG_WARN_RANGE_LOOP_ANALYSIS = YES;
				CLANG_WARN_STRICT_PROTOTYPES = YES;
				CLANG_WARN_SUSPICIOUS_MOVE = YES;
				CLANG_WARN_UNGUARDED_AVAILABILITY = YES_AGGRESSIVE;
				CLANG_WARN_UNREACHABLE_CODE = YES;
				CLANG_WARN__DUPLICATE_METHOD_MATCH = YES;
				COPY_PHASE_STRIP = NO;
				DEBUG_INFORMATION_FORMAT = dwarf;
				ENABLE_STRICT_OBJC_MSGSEND = YES;
				ENABLE_TESTABILITY = YES;
				GCC_C_LANGUAGE_STANDARD = gnu11;
				GCC_DYNAMIC_NO_PIC = NO;
				GCC_NO_COMMON_BLOCKS = YES;
				GCC_OPTIMIZATION_LEVEL = 0;
				GCC_PREPROCESSOR_DEFINITIONS = (
					"DEBUG=1",
					"$(inherited)",
				);
				GCC_WARN_64_TO_32_BIT_CONVERSION = YES;
				GCC_WARN_ABOUT_RETURN_TYPE = YES_ERROR;
				GCC_WARN_UNDECLARED_SELECTOR = YES;
				GCC_WARN_UNINITIALIZED_AUTOS = YES_AGGRESSIVE;
				GCC_WARN_UNUSED_FUNCTION = YES;
				GCC_WARN_UNUSED_VARIABLE = YES;
				IPHONEOS_DEPLOYMENT_TARGET = 16.2;
				MTL_ENABLE_DEBUG_INFO = INCLUDE_SOURCE;
				MTL_FAST_MATH = YES;
				ONLY_ACTIVE_ARCH = YES;
				SDKROOT = iphoneos;
				SWIFT_ACTIVE_COMPILATION_CONDITIONS = DEBUG;
				SWIFT_OPTIMIZATION_LEVEL = "-Onone";
			};
			name = Debug;
		};
		BF8B2B6629BB865000B01A96 /* Release */ = {
			isa = XCBuildConfiguration;
			buildSettings = {
				ALWAYS_SEARCH_USER_PATHS = NO;
				CLANG_ANALYZER_NONNULL = YES;
				CLANG_ANALYZER_NUMBER_OBJECT_CONVERSION = YES_AGGRESSIVE;
				CLANG_CXX_LANGUAGE_STANDARD = "gnu++20";
				CLANG_ENABLE_MODULES = YES;
				CLANG_ENABLE_OBJC_ARC = YES;
				CLANG_ENABLE_OBJC_WEAK = YES;
				CLANG_WARN_BLOCK_CAPTURE_AUTORELEASING = YES;
				CLANG_WARN_BOOL_CONVERSION = YES;
				CLANG_WARN_COMMA = YES;
				CLANG_WARN_CONSTANT_CONVERSION = YES;
				CLANG_WARN_DEPRECATED_OBJC_IMPLEMENTATIONS = YES;
				CLANG_WARN_DIRECT_OBJC_ISA_USAGE = YES_ERROR;
				CLANG_WARN_DOCUMENTATION_COMMENTS = YES;
				CLANG_WARN_EMPTY_BODY = YES;
				CLANG_WARN_ENUM_CONVERSION = YES;
				CLANG_WARN_INFINITE_RECURSION = YES;
				CLANG_WARN_INT_CONVERSION = YES;
				CLANG_WARN_NON_LITERAL_NULL_CONVERSION = YES;
				CLANG_WARN_OBJC_IMPLICIT_RETAIN_SELF = YES;
				CLANG_WARN_OBJC_LITERAL_CONVERSION = YES;
				CLANG_WARN_OBJC_ROOT_CLASS = YES_ERROR;
				CLANG_WARN_QUOTED_INCLUDE_IN_FRAMEWORK_HEADER = YES;
				CLANG_WARN_RANGE_LOOP_ANALYSIS = YES;
				CLANG_WARN_STRICT_PROTOTYPES = YES;
				CLANG_WARN_SUSPICIOUS_MOVE = YES;
				CLANG_WARN_UNGUARDED_AVAILABILITY = YES_AGGRESSIVE;
				CLANG_WARN_UNREACHABLE_CODE = YES;
				CLANG_WARN__DUPLICATE_METHOD_MATCH = YES;
				COPY_PHASE_STRIP = NO;
				DEBUG_INFORMATION_FORMAT = "dwarf-with-dsym";
				ENABLE_NS_ASSERTIONS = NO;
				ENABLE_STRICT_OBJC_MSGSEND = YES;
				GCC_C_LANGUAGE_STANDARD = gnu11;
				GCC_NO_COMMON_BLOCKS = YES;
				GCC_WARN_64_TO_32_BIT_CONVERSION = YES;
				GCC_WARN_ABOUT_RETURN_TYPE = YES_ERROR;
				GCC_WARN_UNDECLARED_SELECTOR = YES;
				GCC_WARN_UNINITIALIZED_AUTOS = YES_AGGRESSIVE;
				GCC_WARN_UNUSED_FUNCTION = YES;
				GCC_WARN_UNUSED_VARIABLE = YES;
				IPHONEOS_DEPLOYMENT_TARGET = 16.2;
				MTL_ENABLE_DEBUG_INFO = NO;
				MTL_FAST_MATH = YES;
				SDKROOT = iphoneos;
				SWIFT_COMPILATION_MODE = wholemodule;
				SWIFT_OPTIMIZATION_LEVEL = "-O";
				VALIDATE_PRODUCT = YES;
			};
			name = Release;
		};
		BF8B2B6829BB865000B01A96 /* Debug */ = {
			isa = XCBuildConfiguration;
			buildSettings = {
				ASSETCATALOG_COMPILER_APPICON_NAME = AppIcon;
				ASSETCATALOG_COMPILER_GLOBAL_ACCENT_COLOR_NAME = AccentColor;
				CODE_SIGN_STYLE = Automatic;
				CURRENT_PROJECT_VERSION = 1;
				DEVELOPMENT_TEAM = NF47GQK46R;
				GENERATE_INFOPLIST_FILE = YES;
				INFOPLIST_FILE = EComPitch/Info.plist;
				INFOPLIST_KEY_UIApplicationSupportsIndirectInputEvents = YES;
				INFOPLIST_KEY_UILaunchStoryboardName = LaunchScreen;
				INFOPLIST_KEY_UISupportedInterfaceOrientations_iPad = "UIInterfaceOrientationPortrait UIInterfaceOrientationPortraitUpsideDown UIInterfaceOrientationLandscapeLeft UIInterfaceOrientationLandscapeRight";
				INFOPLIST_KEY_UISupportedInterfaceOrientations_iPhone = "UIInterfaceOrientationPortrait UIInterfaceOrientationLandscapeLeft UIInterfaceOrientationLandscapeRight";
				LD_RUNPATH_SEARCH_PATHS = (
					"$(inherited)",
					"@executable_path/Frameworks",
				);
				MARKETING_VERSION = 1.0;
				PRODUCT_BUNDLE_IDENTIFIER = com.AdaBaklengs.EComPitch;
				PRODUCT_NAME = "$(TARGET_NAME)";
				SWIFT_EMIT_LOC_STRINGS = YES;
				SWIFT_VERSION = 5.0;
				TARGETED_DEVICE_FAMILY = "1,2";
			};
			name = Debug;
		};
		BF8B2B6929BB865000B01A96 /* Release */ = {
			isa = XCBuildConfiguration;
			buildSettings = {
				ASSETCATALOG_COMPILER_APPICON_NAME = AppIcon;
				ASSETCATALOG_COMPILER_GLOBAL_ACCENT_COLOR_NAME = AccentColor;
				CODE_SIGN_STYLE = Automatic;
				CURRENT_PROJECT_VERSION = 1;
				DEVELOPMENT_TEAM = NF47GQK46R;
				GENERATE_INFOPLIST_FILE = YES;
				INFOPLIST_FILE = EComPitch/Info.plist;
				INFOPLIST_KEY_UIApplicationSupportsIndirectInputEvents = YES;
				INFOPLIST_KEY_UILaunchStoryboardName = LaunchScreen;
				INFOPLIST_KEY_UISupportedInterfaceOrientations_iPad = "UIInterfaceOrientationPortrait UIInterfaceOrientationPortraitUpsideDown UIInterfaceOrientationLandscapeLeft UIInterfaceOrientationLandscapeRight";
				INFOPLIST_KEY_UISupportedInterfaceOrientations_iPhone = "UIInterfaceOrientationPortrait UIInterfaceOrientationLandscapeLeft UIInterfaceOrientationLandscapeRight";
				LD_RUNPATH_SEARCH_PATHS = (
					"$(inherited)",
					"@executable_path/Frameworks",
				);
				MARKETING_VERSION = 1.0;
				PRODUCT_BUNDLE_IDENTIFIER = com.AdaBaklengs.EComPitch;
				PRODUCT_NAME = "$(TARGET_NAME)";
				SWIFT_EMIT_LOC_STRINGS = YES;
				SWIFT_VERSION = 5.0;
				TARGETED_DEVICE_FAMILY = "1,2";
			};
			name = Release;
		};
/* End XCBuildConfiguration section */

/* Begin XCConfigurationList section */
		BF8B2B4E29BB864E00B01A96 /* Build configuration list for PBXProject "EComPitch" */ = {
			isa = XCConfigurationList;
			buildConfigurations = (
				BF8B2B6529BB865000B01A96 /* Debug */,
				BF8B2B6629BB865000B01A96 /* Release */,
			);
			defaultConfigurationIsVisible = 0;
			defaultConfigurationName = Release;
		};
		BF8B2B6729BB865000B01A96 /* Build configuration list for PBXNativeTarget "EComPitch" */ = {
			isa = XCConfigurationList;
			buildConfigurations = (
				BF8B2B6829BB865000B01A96 /* Debug */,
				BF8B2B6929BB865000B01A96 /* Release */,
			);
			defaultConfigurationIsVisible = 0;
			defaultConfigurationName = Release;
		};
/* End XCConfigurationList section */
	};
	rootObject = BF8B2B4B29BB864E00B01A96 /* Project object */;
}
